// !$*UTF8*$!
{
	archiveVersion = 1;
	classes = {
	};
	objectVersion = 46;
	objects = {

/* Begin PBXBuildFile section */
		0329B5FD19DA15AD00154002 /* AppDelegate.swift in Sources */ = {isa = PBXBuildFile; fileRef = 0329B5FC19DA15AD00154002 /* AppDelegate.swift */; };
		0329B5FF19DA15AD00154002 /* ViewController.swift in Sources */ = {isa = PBXBuildFile; fileRef = 0329B5FE19DA15AD00154002 /* ViewController.swift */; };
		0329B60219DA15AD00154002 /* Main.storyboard in Resources */ = {isa = PBXBuildFile; fileRef = 0329B60019DA15AD00154002 /* Main.storyboard */; };
		0329B60419DA15AD00154002 /* Images.xcassets in Resources */ = {isa = PBXBuildFile; fileRef = 0329B60319DA15AD00154002 /* Images.xcassets */; };
		0329B60719DA15AD00154002 /* LaunchScreen.xib in Resources */ = {isa = PBXBuildFile; fileRef = 0329B60519DA15AD00154002 /* LaunchScreen.xib */; };
		0329B61319DA15AD00154002 /* iOS_F2_HomeworkTests.swift in Sources */ = {isa = PBXBuildFile; fileRef = 0329B61219DA15AD00154002 /* iOS_F2_HomeworkTests.swift */; };
		0329B61D19DA178400154002 /* Person.swift in Sources */ = {isa = PBXBuildFile; fileRef = 0329B61C19DA178400154002 /* Person.swift */; };
		0329B61F19DB42B100154002 /* DetailView.swift in Sources */ = {isa = PBXBuildFile; fileRef = 0329B61E19DB42B100154002 /* DetailView.swift */; };
		039B3C7519DF683600E92A50 /* studentList.plist in Resources */ = {isa = PBXBuildFile; fileRef = 039B3C7419DF683600E92A50 /* studentList.plist */; };
/* End PBXBuildFile section */

/* Begin PBXContainerItemProxy section */
		0329B60D19DA15AD00154002 /* PBXContainerItemProxy */ = {
			isa = PBXContainerItemProxy;
			containerPortal = 0329B5EF19DA15AD00154002 /* Project object */;
			proxyType = 1;
			remoteGlobalIDString = 0329B5F619DA15AD00154002;
			remoteInfo = iOS_F2_Homework;
		};
/* End PBXContainerItemProxy section */

/* Begin PBXFileReference section */
		0329B5F719DA15AD00154002 /* iOS_F2_Homework.app */ = {isa = PBXFileReference; explicitFileType = wrapper.application; includeInIndex = 0; path = iOS_F2_Homework.app; sourceTree = BUILT_PRODUCTS_DIR; };
		0329B5FB19DA15AD00154002 /* Info.plist */ = {isa = PBXFileReference; lastKnownFileType = text.plist.xml; path = Info.plist; sourceTree = "<group>"; };
		0329B5FC19DA15AD00154002 /* AppDelegate.swift */ = {isa = PBXFileReference; lastKnownFileType = sourcecode.swift; path = AppDelegate.swift; sourceTree = "<group>"; };
		0329B5FE19DA15AD00154002 /* ViewController.swift */ = {isa = PBXFileReference; lastKnownFileType = sourcecode.swift; path = ViewController.swift; sourceTree = "<group>"; };
		0329B60119DA15AD00154002 /* Base */ = {isa = PBXFileReference; lastKnownFileType = file.storyboard; name = Base; path = Base.lproj/Main.storyboard; sourceTree = "<group>"; };
		0329B60319DA15AD00154002 /* Images.xcassets */ = {isa = PBXFileReference; lastKnownFileType = folder.assetcatalog; path = Images.xcassets; sourceTree = "<group>"; };
		0329B60619DA15AD00154002 /* Base */ = {isa = PBXFileReference; lastKnownFileType = file.xib; name = Base; path = Base.lproj/LaunchScreen.xib; sourceTree = "<group>"; };
		0329B60C19DA15AD00154002 /* iOS_F2_HomeworkTests.xctest */ = {isa = PBXFileReference; explicitFileType = wrapper.cfbundle; includeInIndex = 0; path = iOS_F2_HomeworkTests.xctest; sourceTree = BUILT_PRODUCTS_DIR; };
		0329B61119DA15AD00154002 /* Info.plist */ = {isa = PBXFileReference; lastKnownFileType = text.plist.xml; path = Info.plist; sourceTree = "<group>"; };
		0329B61219DA15AD00154002 /* iOS_F2_HomeworkTests.swift */ = {isa = PBXFileReference; lastKnownFileType = sourcecode.swift; path = iOS_F2_HomeworkTests.swift; sourceTree = "<group>"; };
		0329B61C19DA178400154002 /* Person.swift */ = {isa = PBXFileReference; fileEncoding = 4; lastKnownFileType = sourcecode.swift; path = Person.swift; sourceTree = "<group>"; };
		0329B61E19DB42B100154002 /* DetailView.swift */ = {isa = PBXFileReference; fileEncoding = 4; lastKnownFileType = sourcecode.swift; path = DetailView.swift; sourceTree = "<group>"; };
		039B3C7419DF683600E92A50 /* studentList.plist */ = {isa = PBXFileReference; fileEncoding = 4; lastKnownFileType = text.plist.xml; path = studentList.plist; sourceTree = "<group>"; };
/* End PBXFileReference section */

/* Begin PBXFrameworksBuildPhase section */
		0329B5F419DA15AD00154002 /* Frameworks */ = {
			isa = PBXFrameworksBuildPhase;
			buildActionMask = 2147483647;
			files = (
			);
			runOnlyForDeploymentPostprocessing = 0;
		};
		0329B60919DA15AD00154002 /* Frameworks */ = {
			isa = PBXFrameworksBuildPhase;
			buildActionMask = 2147483647;
			files = (
			);
			runOnlyForDeploymentPostprocessing = 0;
		};
/* End PBXFrameworksBuildPhase section */

/* Begin PBXGroup section */
		0329B5EE19DA15AD00154002 = {
			isa = PBXGroup;
			children = (
				0329B5F919DA15AD00154002 /* iOS_F2_Homework */,
				0329B60F19DA15AD00154002 /* iOS_F2_HomeworkTests */,
				0329B5F819DA15AD00154002 /* Products */,
			);
			sourceTree = "<group>";
		};
		0329B5F819DA15AD00154002 /* Products */ = {
			isa = PBXGroup;
			children = (
				0329B5F719DA15AD00154002 /* iOS_F2_Homework.app */,
				0329B60C19DA15AD00154002 /* iOS_F2_HomeworkTests.xctest */,
			);
			name = Products;
			sourceTree = "<group>";
		};
		0329B5F919DA15AD00154002 /* iOS_F2_Homework */ = {
			isa = PBXGroup;
			children = (
				0329B5FC19DA15AD00154002 /* AppDelegate.swift */,
				039B3C7819DF74A200E92A50 /* Controller */,
				039B3C7719DF749300E92A50 /* View */,
				039B3C7619DF748000E92A50 /* Model */,
				0329B60519DA15AD00154002 /* LaunchScreen.xib */,
				0329B5FA19DA15AD00154002 /* Supporting Files */,
			);
			path = iOS_F2_Homework;
			sourceTree = "<group>";
		};
		0329B5FA19DA15AD00154002 /* Supporting Files */ = {
			isa = PBXGroup;
			children = (
				0329B5FB19DA15AD00154002 /* Info.plist */,
			);
			name = "Supporting Files";
			sourceTree = "<group>";
		};
		0329B60F19DA15AD00154002 /* iOS_F2_HomeworkTests */ = {
			isa = PBXGroup;
			children = (
				0329B61219DA15AD00154002 /* iOS_F2_HomeworkTests.swift */,
				0329B61019DA15AD00154002 /* Supporting Files */,
			);
			path = iOS_F2_HomeworkTests;
			sourceTree = "<group>";
		};
		0329B61019DA15AD00154002 /* Supporting Files */ = {
			isa = PBXGroup;
			children = (
				0329B61119DA15AD00154002 /* Info.plist */,
			);
			name = "Supporting Files";
			sourceTree = "<group>";
		};
		039B3C7619DF748000E92A50 /* Model */ = {
			isa = PBXGroup;
			children = (
				0329B60319DA15AD00154002 /* Images.xcassets */,
				0329B61C19DA178400154002 /* Person.swift */,
				039B3C7419DF683600E92A50 /* studentList.plist */,
			);
			name = Model;
			sourceTree = "<group>";
		};
		039B3C7719DF749300E92A50 /* View */ = {
			isa = PBXGroup;
			children = (
				0329B60019DA15AD00154002 /* Main.storyboard */,
			);
			name = View;
			sourceTree = "<group>";
		};
		039B3C7819DF74A200E92A50 /* Controller */ = {
			isa = PBXGroup;
			children = (
				0329B5FE19DA15AD00154002 /* ViewController.swift */,
				0329B61E19DB42B100154002 /* DetailView.swift */,
			);
			name = Controller;
			sourceTree = "<group>";
		};
/* End PBXGroup section */

/* Begin PBXNativeTarget section */
		0329B5F619DA15AD00154002 /* iOS_F2_Homework */ = {
			isa = PBXNativeTarget;
			buildConfigurationList = 0329B61619DA15AD00154002 /* Build configuration list for PBXNativeTarget "iOS_F2_Homework" */;
			buildPhases = (
				0329B5F319DA15AD00154002 /* Sources */,
				0329B5F419DA15AD00154002 /* Frameworks */,
				0329B5F519DA15AD00154002 /* Resources */,
			);
			buildRules = (
			);
			dependencies = (
			);
			name = iOS_F2_Homework;
			productName = iOS_F2_Homework;
			productReference = 0329B5F719DA15AD00154002 /* iOS_F2_Homework.app */;
			productType = "com.apple.product-type.application";
		};
		0329B60B19DA15AD00154002 /* iOS_F2_HomeworkTests */ = {
			isa = PBXNativeTarget;
			buildConfigurationList = 0329B61919DA15AD00154002 /* Build configuration list for PBXNativeTarget "iOS_F2_HomeworkTests" */;
			buildPhases = (
				0329B60819DA15AD00154002 /* Sources */,
				0329B60919DA15AD00154002 /* Frameworks */,
				0329B60A19DA15AD00154002 /* Resources */,
			);
			buildRules = (
			);
			dependencies = (
				0329B60E19DA15AD00154002 /* PBXTargetDependency */,
			);
			name = iOS_F2_HomeworkTests;
			productName = iOS_F2_HomeworkTests;
			productReference = 0329B60C19DA15AD00154002 /* iOS_F2_HomeworkTests.xctest */;
			productType = "com.apple.product-type.bundle.unit-test";
		};
/* End PBXNativeTarget section */

/* Begin PBXProject section */
		0329B5EF19DA15AD00154002 /* Project object */ = {
			isa = PBXProject;
			attributes = {
				LastUpgradeCheck = 0600;
				ORGANIZATIONNAME = "Joshua Winskill";
				TargetAttributes = {
					0329B5F619DA15AD00154002 = {
						CreatedOnToolsVersion = 6.0.1;
					};
					0329B60B19DA15AD00154002 = {
						CreatedOnToolsVersion = 6.0.1;
						TestTargetID = 0329B5F619DA15AD00154002;
					};
				};
			};
			buildConfigurationList = 0329B5F219DA15AD00154002 /* Build configuration list for PBXProject "iOS_F2_Homework" */;
			compatibilityVersion = "Xcode 3.2";
			developmentRegion = English;
			hasScannedForEncodings = 0;
			knownRegions = (
				en,
				Base,
			);
			mainGroup = 0329B5EE19DA15AD00154002;
			productRefGroup = 0329B5F819DA15AD00154002 /* Products */;
			projectDirPath = "";
			projectRoot = "";
			targets = (
				0329B5F619DA15AD00154002 /* iOS_F2_Homework */,
				0329B60B19DA15AD00154002 /* iOS_F2_HomeworkTests */,
			);
		};
/* End PBXProject section */

/* Begin PBXResourcesBuildPhase section */
		0329B5F519DA15AD00154002 /* Resources */ = {
			isa = PBXResourcesBuildPhase;
			buildActionMask = 2147483647;
			files = (
				0329B60219DA15AD00154002 /* Main.storyboard in Resources */,
				0329B60719DA15AD00154002 /* LaunchScreen.xib in Resources */,
				039B3C7519DF683600E92A50 /* studentList.plist in Resources */,
				0329B60419DA15AD00154002 /* Images.xcassets in Resources */,
			);
			runOnlyForDeploymentPostprocessing = 0;
		};
		0329B60A19DA15AD00154002 /* Resources */ = {
			isa = PBXResourcesBuildPhase;
			buildActionMask = 2147483647;
			files = (
			);
			runOnlyForDeploymentPostprocessing = 0;
		};
/* End PBXResourcesBuildPhase section */

/* Begin PBXSourcesBuildPhase section */
		0329B5F319DA15AD00154002 /* Sources */ = {
			isa = PBXSourcesBuildPhase;
			buildActionMask = 2147483647;
			files = (
				0329B61D19DA178400154002 /* Person.swift in Sources */,
				0329B61F19DB42B100154002 /* DetailView.swift in Sources */,
				0329B5FF19DA15AD00154002 /* ViewController.swift in Sources */,
				0329B5FD19DA15AD00154002 /* AppDelegate.swift in Sources */,
			);
			runOnlyForDeploymentPostprocessing = 0;
		};
		0329B60819DA15AD00154002 /* Sources */ = {
			isa = PBXSourcesBuildPhase;
			buildActionMask = 2147483647;
			files = (
				0329B61319DA15AD00154002 /* iOS_F2_HomeworkTests.swift in Sources */,
			);
			runOnlyForDeploymentPostprocessing = 0;
		};
/* End PBXSourcesBuildPhase section */

/* Begin PBXTargetDependency section */
		0329B60E19DA15AD00154002 /* PBXTargetDependency */ = {
			isa = PBXTargetDependency;
			target = 0329B5F619DA15AD00154002 /* iOS_F2_Homework */;
			targetProxy = 0329B60D19DA15AD00154002 /* PBXContainerItemProxy */;
		};
/* End PBXTargetDependency section */

/* Begin PBXVariantGroup section */
		0329B60019DA15AD00154002 /* Main.storyboard */ = {
			isa = PBXVariantGroup;
			children = (
				0329B60119DA15AD00154002 /* Base */,
			);
			name = Main.storyboard;
			sourceTree = "<group>";
		};
		0329B60519DA15AD00154002 /* LaunchScreen.xib */ = {
			isa = PBXVariantGroup;
			children = (
				0329B60619DA15AD00154002 /* Base */,
			);
			name = LaunchScreen.xib;
			sourceTree = "<group>";
		};
/* End PBXVariantGroup section */

/* Begin XCBuildConfiguration section */
		0329B61419DA15AD00154002 /* Debug */ = {
			isa = XCBuildConfiguration;
			buildSettings = {
				ALWAYS_SEARCH_USER_PATHS = NO;
				CLANG_CXX_LANGUAGE_STANDARD = "gnu++0x";
				CLANG_CXX_LIBRARY = "libc++";
				CLANG_ENABLE_MODULES = YES;
				CLANG_ENABLE_OBJC_ARC = YES;
				CLANG_WARN_BOOL_CONVERSION = YES;
				CLANG_WARN_CONSTANT_CONVERSION = YES;
				CLANG_WARN_DIRECT_OBJC_ISA_USAGE = YES_ERROR;
				CLANG_WARN_EMPTY_BODY = YES;
				CLANG_WARN_ENUM_CONVERSION = YES;
				CLANG_WARN_INT_CONVERSION = YES;
				CLANG_WARN_OBJC_ROOT_CLASS = YES_ERROR;
				CLANG_WARN_UNREACHABLE_CODE = YES;
				CLANG_WARN__DUPLICATE_METHOD_MATCH = YES;
				"CODE_SIGN_IDENTITY[sdk=iphoneos*]" = "iPhone Developer";
				COPY_PHASE_STRIP = NO;
				ENABLE_STRICT_OBJC_MSGSEND = YES;
				GCC_C_LANGUAGE_STANDARD = gnu99;
				GCC_DYNAMIC_NO_PIC = NO;
				GCC_OPTIMIZATION_LEVEL = 0;
				GCC_PREPROCESSOR_DEFINITIONS = (
					"DEBUG=1",
					"$(inherited)",
				);
				GCC_SYMBOLS_PRIVATE_EXTERN = NO;
				GCC_WARN_64_TO_32_BIT_CONVERSION = YES;
				GCC_WARN_ABOUT_RETURN_TYPE = YES_ERROR;
				GCC_WARN_UNDECLARED_SELECTOR = YES;
				GCC_WARN_UNINITIALIZED_AUTOS = YES_AGGRESSIVE;
				GCC_WARN_UNUSED_FUNCTION = YES;
				GCC_WARN_UNUSED_VARIABLE = YES;
				IPHONEOS_DEPLOYMENT_TARGET = 8.0;
				MTL_ENABLE_DEBUG_INFO = YES;
				ONLY_ACTIVE_ARCH = YES;
				SDKROOT = iphoneos;
				SWIFT_OPTIMIZATION_LEVEL = "-Onone";
				TARGETED_DEVICE_FAMILY = "1,2";
			};
			name = Debug;
		};
		0329B61519DA15AD00154002 /* Release */ = {
			isa = XCBuildConfiguration;
			buildSettings = {
				ALWAYS_SEARCH_USER_PATHS = NO;
				CLANG_CXX_LANGUAGE_STANDARD = "gnu++0x";
				CLANG_CXX_LIBRARY = "libc++";
				CLANG_ENABLE_MODULES = YES;
				CLANG_ENABLE_OBJC_ARC = YES;
				CLANG_WARN_BOOL_CONVERSION = YES;
				CLANG_WARN_CONSTANT_CONVERSION = YES;
				CLANG_WARN_DIRECT_OBJC_ISA_USAGE = YES_ERROR;
				CLANG_WARN_EMPTY_BODY = YES;
				CLANG_WARN_ENUM_CONVERSION = YES;
				CLANG_WARN_INT_CONVERSION = YES;
				CLANG_WARN_OBJC_ROOT_CLASS = YES_ERROR;
				CLANG_WARN_UNREACHABLE_CODE = YES;
				CLANG_WARN__DUPLICATE_METHOD_MATCH = YES;
				"CODE_SIGN_IDENTITY[sdk=iphoneos*]" = "iPhone Developer";
				COPY_PHASE_STRIP = YES;
				ENABLE_NS_ASSERTIONS = NO;
				ENABLE_STRICT_OBJC_MSGSEND = YES;
				GCC_C_LANGUAGE_STANDARD = gnu99;
				GCC_WARN_64_TO_32_BIT_CONVERSION = YES;
				GCC_WARN_ABOUT_RETURN_TYPE = YES_ERROR;
				GCC_WARN_UNDECLARED_SELECTOR = YES;
				GCC_WARN_UNINITIALIZED_AUTOS = YES_AGGRESSIVE;
				GCC_WARN_UNUSED_FUNCTION = YES;
				GCC_WARN_UNUSED_VARIABLE = YES;
				IPHONEOS_DEPLOYMENT_TARGET = 8.0;
				MTL_ENABLE_DEBUG_INFO = NO;
				SDKROOT = iphoneos;
				TARGETED_DEVICE_FAMILY = "1,2";
				VALIDATE_PRODUCT = YES;
			};
			name = Release;
		};
		0329B61719DA15AD00154002 /* Debug */ = {
			isa = XCBuildConfiguration;
			buildSettings = {
				ASSETCATALOG_COMPILER_APPICON_NAME = AppIcon;
				INFOPLIST_FILE = iOS_F2_Homework/Info.plist;
				LD_RUNPATH_SEARCH_PATHS = "$(inherited) @executable_path/Frameworks";
				PRODUCT_NAME = "$(TARGET_NAME)";
			};
			name = Debug;
		};
		0329B61819DA15AD00154002 /* Release */ = {
			isa = XCBuildConfiguration;
			buildSettings = {
				ASSETCATALOG_COMPILER_APPICON_NAME = AppIcon;
				INFOPLIST_FILE = iOS_F2_Homework/Info.plist;
				LD_RUNPATH_SEARCH_PATHS = "$(inherited) @executable_path/Frameworks";
				PRODUCT_NAME = "$(TARGET_NAME)";
			};
			name = Release;
		};
		0329B61A19DA15AD00154002 /* Debug */ = {
			isa = XCBuildConfiguration;
			buildSettings = {
				BUNDLE_LOADER = "$(TEST_HOST)";
				FRAMEWORK_SEARCH_PATHS = (
					"$(SDKROOT)/Developer/Library/Frameworks",
					"$(inherited)",
				);
				GCC_PREPROCESSOR_DEFINITIONS = (
					"DEBUG=1",
					"$(inherited)",
				);
				INFOPLIST_FILE = iOS_F2_HomeworkTests/Info.plist;
				LD_RUNPATH_SEARCH_PATHS = "$(inherited) @executable_path/Frameworks @loader_path/Frameworks";
				PRODUCT_NAME = "$(TARGET_NAME)";
				TEST_HOST = "$(BUILT_PRODUCTS_DIR)/iOS_F2_Homework.app/iOS_F2_Homework";
			};
			name = Debug;
		};
		0329B61B19DA15AD00154002 /* Release */ = {
			isa = XCBuildConfiguration;
			buildSettings = {
				BUNDLE_LOADER = "$(TEST_HOST)";
				FRAMEWORK_SEARCH_PATHS = (
					"$(SDKROOT)/Developer/Library/Frameworks",
					"$(inherited)",
				);
				INFOPLIST_FILE = iOS_F2_HomeworkTests/Info.plist;
				LD_RUNPATH_SEARCH_PATHS = "$(inherited) @executable_path/Frameworks @loader_path/Frameworks";
				PRODUCT_NAME = "$(TARGET_NAME)";
				TEST_HOST = "$(BUILT_PRODUCTS_DIR)/iOS_F2_Homework.app/iOS_F2_Homework";
			};
			name = Release;
		};
/* End XCBuildConfiguration section */

/* Begin XCConfigurationList section */
		0329B5F219DA15AD00154002 /* Build configuration list for PBXProject "iOS_F2_Homework" */ = {
			isa = XCConfigurationList;
			buildConfigurations = (
				0329B61419DA15AD00154002 /* Debug */,
				0329B61519DA15AD00154002 /* Release */,
			);
			defaultConfigurationIsVisible = 0;
			defaultConfigurationName = Release;
		};
		0329B61619DA15AD00154002 /* Build configuration list for PBXNativeTarget "iOS_F2_Homework" */ = {
			isa = XCConfigurationList;
			buildConfigurations = (
				0329B61719DA15AD00154002 /* Debug */,
				0329B61819DA15AD00154002 /* Release */,
			);
			defaultConfigurationIsVisible = 0;
			defaultConfigurationName = Release;
		};
		0329B61919DA15AD00154002 /* Build configuration list for PBXNativeTarget "iOS_F2_HomeworkTests" */ = {
			isa = XCConfigurationList;
			buildConfigurations = (
				0329B61A19DA15AD00154002 /* Debug */,
				0329B61B19DA15AD00154002 /* Release */,
			);
			defaultConfigurationIsVisible = 0;
			defaultConfigurationName = Release;
		};
/* End XCConfigurationList section */
	};
	rootObject = 0329B5EF19DA15AD00154002 /* Project object */;
}
